
Microsoft Visual Studio Solution File, Format Version 12.00
# Visual Studio 2012
Project("{FAE04EC0-301F-11D3-BF4B-00C04F79EFBC}") = "NhibMigrations.Domain", "NhibMigrations.Domain\NhibMigrations.Domain.csproj", "{6F54ACD7-EAD5-4E07-A8AA-25B5B41A345C}"
EndProject
Project("{FAE04EC0-301F-11D3-BF4B-00C04F79EFBC}") = "NhibMigrations.Migrate", "NhibMigrations.Migrate\NhibMigrations.Migrate.csproj", "{7E4EEA4E-C6B8-41F2-B6B5-E64AA83D5C32}"
EndProject
Project("{2150E333-8FDC-42A3-9474-1A3956D46DE8}") = "FluentMigrator", "FluentMigrator", "{96DC2CE6-ACBB-4704-B5AA-76A457BAB909}"
EndProject
Project("{2150E333-8FDC-42A3-9474-1A3956D46DE8}") = "WithNHibernate", "WithNHibernate", "{2440C7BC-26F0-43B0-A8AF-8D79F9F4B3AE}"
EndProject
Project("{FAE04EC0-301F-11D3-BF4B-00C04F79EFBC}") = "NhibMigrations.Mapping", "NhibMigrations.Mapping\NhibMigrations.Mapping.csproj", "{78E253BF-4389-4A0C-A1C1-85437E2A40A9}"
EndProject
Project("{FAE04EC0-301F-11D3-BF4B-00C04F79EFBC}") = "NhibMigrations.Console", "NhibMigrations.Console\NhibMigrations.Console.csproj", "{A3768111-6B23-488C-BEAB-4FD1958EC6FB}"
EndProject
Global
	GlobalSection(SolutionConfigurationPlatforms) = preSolution
		Debug|Any CPU = Debug|Any CPU
		Release|Any CPU = Release|Any CPU
	EndGlobalSection
	GlobalSection(ProjectConfigurationPlatforms) = postSolution
		{6F54ACD7-EAD5-4E07-A8AA-25B5B41A345C}.Debug|Any CPU.ActiveCfg = Debug|Any CPU
		{6F54ACD7-EAD5-4E07-A8AA-25B5B41A345C}.Debug|Any CPU.Build.0 = Debug|Any CPU
		{6F54ACD7-EAD5-4E07-A8AA-25B5B41A345C}.Release|Any CPU.ActiveCfg = Release|Any CPU
		{6F54ACD7-EAD5-4E07-A8AA-25B5B41A345C}.Release|Any CPU.Build.0 = Release|Any CPU
		{7E4EEA4E-C6B8-41F2-B6B5-E64AA83D5C32}.Debug|Any CPU.ActiveCfg = Debug|Any CPU
		{7E4EEA4E-C6B8-41F2-B6B5-E64AA83D5C32}.Debug|Any CPU.Build.0 = Debug|Any CPU
		{7E4EEA4E-C6B8-41F2-B6B5-E64AA83D5C32}.Release|Any CPU.ActiveCfg = Release|Any CPU
		{7E4EEA4E-C6B8-41F2-B6B5-E64AA83D5C32}.Release|Any CPU.Build.0 = Release|Any CPU
		{78E253BF-4389-4A0C-A1C1-85437E2A40A9}.Debug|Any CPU.ActiveCfg = Debug|Any CPU
		{78E253BF-4389-4A0C-A1C1-85437E2A40A9}.Debug|Any CPU.Build.0 = Debug|Any CPU
		{78E253BF-4389-4A0C-A1C1-85437E2A40A9}.Release|Any CPU.ActiveCfg = Release|Any CPU
		{78E253BF-4389-4A0C-A1C1-85437E2A40A9}.Release|Any CPU.Build.0 = Release|Any CPU
		{A3768111-6B23-488C-BEAB-4FD1958EC6FB}.Debug|Any CPU.ActiveCfg = Debug|Any CPU
		{A3768111-6B23-488C-BEAB-4FD1958EC6FB}.Debug|Any CPU.Build.0 = Debug|Any CPU
		{A3768111-6B23-488C-BEAB-4FD1958EC6FB}.Release|Any CPU.ActiveCfg = Release|Any CPU
		{A3768111-6B23-488C-BEAB-4FD1958EC6FB}.Release|Any CPU.Build.0 = Release|Any CPU
	EndGlobalSection
	GlobalSection(SolutionProperties) = preSolution
		HideSolutionNode = FALSE
	EndGlobalSection
	GlobalSection(NestedProjects) = preSolution
		{6F54ACD7-EAD5-4E07-A8AA-25B5B41A345C} = {2440C7BC-26F0-43B0-A8AF-8D79F9F4B3AE}
		{78E253BF-4389-4A0C-A1C1-85437E2A40A9} = {2440C7BC-26F0-43B0-A8AF-8D79F9F4B3AE}
		{7E4EEA4E-C6B8-41F2-B6B5-E64AA83D5C32} = {96DC2CE6-ACBB-4704-B5AA-76A457BAB909}
	EndGlobalSection
EndGlobal
